
Microsoft Visual Studio Solution File, Format Version 12.00
# Visual Studio Version 16
VisualStudioVersion = 16.0.31424.327
MinimumVisualStudioVersion = 10.0.40219.1
Project("{FAE04EC0-301F-11D3-BF4B-00C04F79EFBC}") = "CodingChallengeTests", "CodingChallengeTests\CodingChallengeTests.csproj", "{14B1E3FF-A47C-4B6B-96DF-0D46B608F53D}"
EndProject
Global
	GlobalSection(SolutionConfigurationPlatforms) = preSolution
		Debug|Any CPU = Debug|Any CPU
		Release|Any CPU = Release|Any CPU
	EndGlobalSection
	GlobalSection(ProjectConfigurationPlatforms) = postSolution
		{14B1E3FF-A47C-4B6B-96DF-0D46B608F53D}.Debug|Any CPU.ActiveCfg = Debug|Any CPU
		{14B1E3FF-A47C-4B6B-96DF-0D46B608F53D}.Debug|Any CPU.Build.0 = Debug|Any CPU
		{14B1E3FF-A47C-4B6B-96DF-0D46B608F53D}.Release|Any CPU.ActiveCfg = Release|Any CPU
		{14B1E3FF-A47C-4B6B-96DF-0D46B608F53D}.Release|Any CPU.Build.0 = Release|Any CPU
	EndGlobalSection
	GlobalSection(SolutionProperties) = preSolution
		HideSolutionNode = FALSE
	EndGlobalSection
	GlobalSection(ExtensibilityGlobals) = postSolution
		SolutionGuid = {FBA98447-34C5-4940-9AD1-8A9760D544CF}
	EndGlobalSection
EndGlobal
